// !$*UTF8*$!
{
	archiveVersion = 1;
	classes = {
	};
	objectVersion = 51;
	objects = {

/* Begin PBXBuildFile section */
		023D1C4A2447D11B00E8E656 /* CDActivity+CoreDataClass.swift in Sources */ = {isa = PBXBuildFile; fileRef = 023D1C482447D11B00E8E656 /* CDActivity+CoreDataClass.swift */; };
		023D1C4B2447D11B00E8E656 /* CDActivity+CoreDataProperties.swift in Sources */ = {isa = PBXBuildFile; fileRef = 023D1C492447D11B00E8E656 /* CDActivity+CoreDataProperties.swift */; };
		023D1C4D2447D19900E8E656 /* ConvertDataToURL.swift in Sources */ = {isa = PBXBuildFile; fileRef = 023D1C4C2447D19900E8E656 /* ConvertDataToURL.swift */; };
		029CACF32447D9D200ACF90D /* CoreDataManager.swift in Sources */ = {isa = PBXBuildFile; fileRef = 029CACF22447D9D200ACF90D /* CoreDataManager.swift */; };
		2ECC7594E5379678B7D2FB9A /* Pods_KidsActivityGroup_ProjectTests.framework in Frameworks */ = {isa = PBXBuildFile; fileRef = FA122848CAE061F4BD6FF681 /* Pods_KidsActivityGroup_ProjectTests.framework */; };
		556952C8244644020033E202 /* AppDelegate.swift in Sources */ = {isa = PBXBuildFile; fileRef = 556952C7244644020033E202 /* AppDelegate.swift */; };
		556952CA244644020033E202 /* SceneDelegate.swift in Sources */ = {isa = PBXBuildFile; fileRef = 556952C9244644020033E202 /* SceneDelegate.swift */; };
		556952CC244644020033E202 /* ScheduleVC.swift in Sources */ = {isa = PBXBuildFile; fileRef = 556952CB244644020033E202 /* ScheduleVC.swift */; };
		556952CF244644020033E202 /* Main.storyboard in Resources */ = {isa = PBXBuildFile; fileRef = 556952CD244644020033E202 /* Main.storyboard */; };
		556952D4244644040033E202 /* Assets.xcassets in Resources */ = {isa = PBXBuildFile; fileRef = 556952D3244644040033E202 /* Assets.xcassets */; };
		556952D7244644040033E202 /* LaunchScreen.storyboard in Resources */ = {isa = PBXBuildFile; fileRef = 556952D5244644040033E202 /* LaunchScreen.storyboard */; };
		556952E2244644040033E202 /* KidsActivityGroup_ProjectTests.swift in Sources */ = {isa = PBXBuildFile; fileRef = 556952E1244644040033E202 /* KidsActivityGroup_ProjectTests.swift */; };
		556952EE244655410033E202 /* ActivityController.swift in Sources */ = {isa = PBXBuildFile; fileRef = 556952ED244655410033E202 /* ActivityController.swift */; };
		556952F0244655540033E202 /* SettingController.swift in Sources */ = {isa = PBXBuildFile; fileRef = 556952EF244655540033E202 /* SettingController.swift */; };
		556952F32446561F0033E202 /* TabBarController.swift in Sources */ = {isa = PBXBuildFile; fileRef = 556952F22446561F0033E202 /* TabBarController.swift */; };
		55A60F8424480A57001D3A66 /* GoogleService-Info.plist in Resources */ = {isa = PBXBuildFile; fileRef = 55A60F8324480A56001D3A66 /* GoogleService-Info.plist */; };
		55A60F86244817E9001D3A66 /* ActivityCell.swift in Sources */ = {isa = PBXBuildFile; fileRef = 55A60F85244817E9001D3A66 /* ActivityCell.swift */; };
		633E08BC3230D3F736F5CB3D /* Pods_KidsActivityGroup_Project.framework in Frameworks */ = {isa = PBXBuildFile; fileRef = 251A39446E8282AF9C95A684 /* Pods_KidsActivityGroup_Project.framework */; };
		C1AF6E372448AFA1007CB61D /* KidsActivityGroup_Project.xcdatamodel in Sources */ = {isa = PBXBuildFile; fileRef = C1AF6E362448AFA1007CB61D /* KidsActivityGroup_Project.xcdatamodel */; };
		C1FE223B244664E700D1E33D /* ActivityModel.swift in Sources */ = {isa = PBXBuildFile; fileRef = C1FE223A244664E700D1E33D /* ActivityModel.swift */; };
		C1FE223E244667C300D1E33D /* DatabaseService.swift in Sources */ = {isa = PBXBuildFile; fileRef = C1FE223D244667C300D1E33D /* DatabaseService.swift */; };
/* End PBXBuildFile section */

/* Begin PBXContainerItemProxy section */
		556952DE244644040033E202 /* PBXContainerItemProxy */ = {
			isa = PBXContainerItemProxy;
			containerPortal = 556952BC244644020033E202 /* Project object */;
			proxyType = 1;
			remoteGlobalIDString = 556952C3244644020033E202;
			remoteInfo = "KidsActivityGroup-Project";
		};
/* End PBXContainerItemProxy section */

/* Begin PBXFileReference section */
		023D1C482447D11B00E8E656 /* CDActivity+CoreDataClass.swift */ = {isa = PBXFileReference; lastKnownFileType = sourcecode.swift; path = "CDActivity+CoreDataClass.swift"; sourceTree = "<group>"; };
		023D1C492447D11B00E8E656 /* CDActivity+CoreDataProperties.swift */ = {isa = PBXFileReference; lastKnownFileType = sourcecode.swift; path = "CDActivity+CoreDataProperties.swift"; sourceTree = "<group>"; };
		023D1C4C2447D19900E8E656 /* ConvertDataToURL.swift */ = {isa = PBXFileReference; lastKnownFileType = sourcecode.swift; path = ConvertDataToURL.swift; sourceTree = "<group>"; };
		029CACF22447D9D200ACF90D /* CoreDataManager.swift */ = {isa = PBXFileReference; lastKnownFileType = sourcecode.swift; path = CoreDataManager.swift; sourceTree = "<group>"; };
		037BAF6D1F75346950AD50FB /* Pods-KidsActivityGroup-ProjectTests.release.xcconfig */ = {isa = PBXFileReference; includeInIndex = 1; lastKnownFileType = text.xcconfig; name = "Pods-KidsActivityGroup-ProjectTests.release.xcconfig"; path = "Target Support Files/Pods-KidsActivityGroup-ProjectTests/Pods-KidsActivityGroup-ProjectTests.release.xcconfig"; sourceTree = "<group>"; };
		251A39446E8282AF9C95A684 /* Pods_KidsActivityGroup_Project.framework */ = {isa = PBXFileReference; explicitFileType = wrapper.framework; includeInIndex = 0; path = Pods_KidsActivityGroup_Project.framework; sourceTree = BUILT_PRODUCTS_DIR; };
		556952C4244644020033E202 /* KidsActivityGroup-Project.app */ = {isa = PBXFileReference; explicitFileType = wrapper.application; includeInIndex = 0; path = "KidsActivityGroup-Project.app"; sourceTree = BUILT_PRODUCTS_DIR; };
		556952C7244644020033E202 /* AppDelegate.swift */ = {isa = PBXFileReference; lastKnownFileType = sourcecode.swift; path = AppDelegate.swift; sourceTree = "<group>"; };
		556952C9244644020033E202 /* SceneDelegate.swift */ = {isa = PBXFileReference; lastKnownFileType = sourcecode.swift; path = SceneDelegate.swift; sourceTree = "<group>"; };
		556952CB244644020033E202 /* ScheduleVC.swift */ = {isa = PBXFileReference; lastKnownFileType = sourcecode.swift; path = ScheduleVC.swift; sourceTree = "<group>"; };
		556952CE244644020033E202 /* Base */ = {isa = PBXFileReference; lastKnownFileType = file.storyboard; name = Base; path = Base.lproj/Main.storyboard; sourceTree = "<group>"; };
		556952D3244644040033E202 /* Assets.xcassets */ = {isa = PBXFileReference; lastKnownFileType = folder.assetcatalog; path = Assets.xcassets; sourceTree = "<group>"; };
		556952D6244644040033E202 /* Base */ = {isa = PBXFileReference; lastKnownFileType = file.storyboard; name = Base; path = Base.lproj/LaunchScreen.storyboard; sourceTree = "<group>"; };
		556952D8244644040033E202 /* Info.plist */ = {isa = PBXFileReference; lastKnownFileType = text.plist.xml; path = Info.plist; sourceTree = "<group>"; };
		556952DD244644040033E202 /* KidsActivityGroup-ProjectTests.xctest */ = {isa = PBXFileReference; explicitFileType = wrapper.cfbundle; includeInIndex = 0; path = "KidsActivityGroup-ProjectTests.xctest"; sourceTree = BUILT_PRODUCTS_DIR; };
		556952E1244644040033E202 /* KidsActivityGroup_ProjectTests.swift */ = {isa = PBXFileReference; lastKnownFileType = sourcecode.swift; path = KidsActivityGroup_ProjectTests.swift; sourceTree = "<group>"; };
		556952E3244644040033E202 /* Info.plist */ = {isa = PBXFileReference; lastKnownFileType = text.plist.xml; path = Info.plist; sourceTree = "<group>"; };
		556952ED244655410033E202 /* ActivityController.swift */ = {isa = PBXFileReference; lastKnownFileType = sourcecode.swift; path = ActivityController.swift; sourceTree = "<group>"; };
		556952EF244655540033E202 /* SettingController.swift */ = {isa = PBXFileReference; lastKnownFileType = sourcecode.swift; path = SettingController.swift; sourceTree = "<group>"; };
		556952F22446561F0033E202 /* TabBarController.swift */ = {isa = PBXFileReference; lastKnownFileType = sourcecode.swift; path = TabBarController.swift; sourceTree = "<group>"; };
		55A60F8324480A56001D3A66 /* GoogleService-Info.plist */ = {isa = PBXFileReference; fileEncoding = 4; lastKnownFileType = text.plist.xml; path = "GoogleService-Info.plist"; sourceTree = "<group>"; };
		55A60F85244817E9001D3A66 /* ActivityCell.swift */ = {isa = PBXFileReference; lastKnownFileType = sourcecode.swift; path = ActivityCell.swift; sourceTree = "<group>"; };
		C1AF6E362448AFA1007CB61D /* KidsActivityGroup_Project.xcdatamodel */ = {isa = PBXFileReference; lastKnownFileType = wrapper.xcdatamodel; path = KidsActivityGroup_Project.xcdatamodel; sourceTree = "<group>"; };
		C1FE223A244664E700D1E33D /* ActivityModel.swift */ = {isa = PBXFileReference; lastKnownFileType = sourcecode.swift; path = ActivityModel.swift; sourceTree = "<group>"; };
		C1FE223D244667C300D1E33D /* DatabaseService.swift */ = {isa = PBXFileReference; lastKnownFileType = sourcecode.swift; path = DatabaseService.swift; sourceTree = "<group>"; };
		E740115BEDEB919669A74C83 /* Pods-KidsActivityGroup-Project.release.xcconfig */ = {isa = PBXFileReference; includeInIndex = 1; lastKnownFileType = text.xcconfig; name = "Pods-KidsActivityGroup-Project.release.xcconfig"; path = "Target Support Files/Pods-KidsActivityGroup-Project/Pods-KidsActivityGroup-Project.release.xcconfig"; sourceTree = "<group>"; };
		FA122848CAE061F4BD6FF681 /* Pods_KidsActivityGroup_ProjectTests.framework */ = {isa = PBXFileReference; explicitFileType = wrapper.framework; includeInIndex = 0; path = Pods_KidsActivityGroup_ProjectTests.framework; sourceTree = BUILT_PRODUCTS_DIR; };
		FCB138D1D2F948F9730DFEA1 /* Pods-KidsActivityGroup-ProjectTests.debug.xcconfig */ = {isa = PBXFileReference; includeInIndex = 1; lastKnownFileType = text.xcconfig; name = "Pods-KidsActivityGroup-ProjectTests.debug.xcconfig"; path = "Target Support Files/Pods-KidsActivityGroup-ProjectTests/Pods-KidsActivityGroup-ProjectTests.debug.xcconfig"; sourceTree = "<group>"; };
		FD85068ED8365F5C60E6824E /* Pods-KidsActivityGroup-Project.debug.xcconfig */ = {isa = PBXFileReference; includeInIndex = 1; lastKnownFileType = text.xcconfig; name = "Pods-KidsActivityGroup-Project.debug.xcconfig"; path = "Target Support Files/Pods-KidsActivityGroup-Project/Pods-KidsActivityGroup-Project.debug.xcconfig"; sourceTree = "<group>"; };
/* End PBXFileReference section */

/* Begin PBXFrameworksBuildPhase section */
		556952C1244644020033E202 /* Frameworks */ = {
			isa = PBXFrameworksBuildPhase;
			buildActionMask = 2147483647;
			files = (
				633E08BC3230D3F736F5CB3D /* Pods_KidsActivityGroup_Project.framework in Frameworks */,
			);
			runOnlyForDeploymentPostprocessing = 0;
		};
		556952DA244644040033E202 /* Frameworks */ = {
			isa = PBXFrameworksBuildPhase;
			buildActionMask = 2147483647;
			files = (
				2ECC7594E5379678B7D2FB9A /* Pods_KidsActivityGroup_ProjectTests.framework in Frameworks */,
			);
			runOnlyForDeploymentPostprocessing = 0;
		};
/* End PBXFrameworksBuildPhase section */

/* Begin PBXGroup section */
		023D1C472447CEEF00E8E656 /* Core Data */ = {
			isa = PBXGroup;
			children = (
				C1AF6E362448AFA1007CB61D /* KidsActivityGroup_Project.xcdatamodel */,
				023D1C482447D11B00E8E656 /* CDActivity+CoreDataClass.swift */,
				023D1C492447D11B00E8E656 /* CDActivity+CoreDataProperties.swift */,
				029CACF22447D9D200ACF90D /* CoreDataManager.swift */,
				023D1C4C2447D19900E8E656 /* ConvertDataToURL.swift */,
			);
			path = "Core Data";
			sourceTree = "<group>";
		};
		556952BB244644010033E202 = {
			isa = PBXGroup;
			children = (
				556952C6244644020033E202 /* KidsActivityGroup-Project */,
				556952E0244644040033E202 /* KidsActivityGroup-ProjectTests */,
				556952C5244644020033E202 /* Products */,
				F749D607230FBD4F2385FBD5 /* Pods */,
				7861EB76B7019A80D07060BA /* Frameworks */,
			);
			sourceTree = "<group>";
		};
		556952C5244644020033E202 /* Products */ = {
			isa = PBXGroup;
			children = (
				556952C4244644020033E202 /* KidsActivityGroup-Project.app */,
				556952DD244644040033E202 /* KidsActivityGroup-ProjectTests.xctest */,
			);
			name = Products;
			sourceTree = "<group>";
		};
		556952C6244644020033E202 /* KidsActivityGroup-Project */ = {
			isa = PBXGroup;
			children = (
				556952CD244644020033E202 /* Main.storyboard */,
				023D1C472447CEEF00E8E656 /* Core Data */,
				C1FE223C244664EC00D1E33D /* Models */,
				556952F1244655A20033E202 /* Controller */,
				556952EC244644320033E202 /* supportingFiles */,
				556952D8244644040033E202 /* Info.plist */,
				55A60F8324480A56001D3A66 /* GoogleService-Info.plist */,
			);
			path = "KidsActivityGroup-Project";
			sourceTree = "<group>";
		};
		556952E0244644040033E202 /* KidsActivityGroup-ProjectTests */ = {
			isa = PBXGroup;
			children = (
				556952E1244644040033E202 /* KidsActivityGroup_ProjectTests.swift */,
				556952E3244644040033E202 /* Info.plist */,
			);
			path = "KidsActivityGroup-ProjectTests";
			sourceTree = "<group>";
		};
		556952EC244644320033E202 /* supportingFiles */ = {
			isa = PBXGroup;
			children = (
				556952D3244644040033E202 /* Assets.xcassets */,
				556952D5244644040033E202 /* LaunchScreen.storyboard */,
				556952C9244644020033E202 /* SceneDelegate.swift */,
				556952C7244644020033E202 /* AppDelegate.swift */,
			);
			path = supportingFiles;
			sourceTree = "<group>";
		};
		556952F1244655A20033E202 /* Controller */ = {
			isa = PBXGroup;
			children = (
				556952CB244644020033E202 /* ScheduleVC.swift */,
				556952ED244655410033E202 /* ActivityController.swift */,
				556952EF244655540033E202 /* SettingController.swift */,
				556952F22446561F0033E202 /* TabBarController.swift */,
				55A60F85244817E9001D3A66 /* ActivityCell.swift */,
			);
			path = Controller;
			sourceTree = "<group>";
		};
		7861EB76B7019A80D07060BA /* Frameworks */ = {
			isa = PBXGroup;
			children = (
				251A39446E8282AF9C95A684 /* Pods_KidsActivityGroup_Project.framework */,
				FA122848CAE061F4BD6FF681 /* Pods_KidsActivityGroup_ProjectTests.framework */,
			);
			name = Frameworks;
			sourceTree = "<group>";
		};
		C1FE223C244664EC00D1E33D /* Models */ = {
			isa = PBXGroup;
			children = (
				C1FE223A244664E700D1E33D /* ActivityModel.swift */,
				C1FE223D244667C300D1E33D /* DatabaseService.swift */,
			);
			path = Models;
			sourceTree = "<group>";
		};
		F749D607230FBD4F2385FBD5 /* Pods */ = {
			isa = PBXGroup;
			children = (
				FD85068ED8365F5C60E6824E /* Pods-KidsActivityGroup-Project.debug.xcconfig */,
				E740115BEDEB919669A74C83 /* Pods-KidsActivityGroup-Project.release.xcconfig */,
				FCB138D1D2F948F9730DFEA1 /* Pods-KidsActivityGroup-ProjectTests.debug.xcconfig */,
				037BAF6D1F75346950AD50FB /* Pods-KidsActivityGroup-ProjectTests.release.xcconfig */,
			);
			path = Pods;
			sourceTree = "<group>";
		};
/* End PBXGroup section */

/* Begin PBXNativeTarget section */
		556952C3244644020033E202 /* KidsActivityGroup-Project */ = {
			isa = PBXNativeTarget;
			buildConfigurationList = 556952E6244644050033E202 /* Build configuration list for PBXNativeTarget "KidsActivityGroup-Project" */;
			buildPhases = (
				22E4C38D3560BA6E3FE66263 /* [CP] Check Pods Manifest.lock */,
				556952C0244644020033E202 /* Sources */,
				556952C1244644020033E202 /* Frameworks */,
				556952C2244644020033E202 /* Resources */,
				8B1DF9376C744B5F426E6C70 /* [CP] Embed Pods Frameworks */,
			);
			buildRules = (
			);
			dependencies = (
			);
			name = "KidsActivityGroup-Project";
			productName = "KidsActivityGroup-Project";
			productReference = 556952C4244644020033E202 /* KidsActivityGroup-Project.app */;
			productType = "com.apple.product-type.application";
		};
		556952DC244644040033E202 /* KidsActivityGroup-ProjectTests */ = {
			isa = PBXNativeTarget;
			buildConfigurationList = 556952E9244644050033E202 /* Build configuration list for PBXNativeTarget "KidsActivityGroup-ProjectTests" */;
			buildPhases = (
				CB541EE6D3C74B4DEC0FFAF9 /* [CP] Check Pods Manifest.lock */,
				556952D9244644040033E202 /* Sources */,
				556952DA244644040033E202 /* Frameworks */,
				556952DB244644040033E202 /* Resources */,
			);
			buildRules = (
			);
			dependencies = (
				556952DF244644040033E202 /* PBXTargetDependency */,
			);
			name = "KidsActivityGroup-ProjectTests";
			productName = "KidsActivityGroup-ProjectTests";
			productReference = 556952DD244644040033E202 /* KidsActivityGroup-ProjectTests.xctest */;
			productType = "com.apple.product-type.bundle.unit-test";
		};
/* End PBXNativeTarget section */

/* Begin PBXProject section */
		556952BC244644020033E202 /* Project object */ = {
			isa = PBXProject;
			attributes = {
				LastSwiftUpdateCheck = 1120;
				LastUpgradeCheck = 1120;
				ORGANIZATIONNAME = Pursuit;
				TargetAttributes = {
					556952C3244644020033E202 = {
						CreatedOnToolsVersion = 11.2.1;
					};
					556952DC244644040033E202 = {
						CreatedOnToolsVersion = 11.2.1;
						TestTargetID = 556952C3244644020033E202;
					};
				};
			};
			buildConfigurationList = 556952BF244644020033E202 /* Build configuration list for PBXProject "KidsActivityGroup-Project" */;
			compatibilityVersion = "Xcode 9.3";
			developmentRegion = en;
			hasScannedForEncodings = 0;
			knownRegions = (
				en,
				Base,
			);
			mainGroup = 556952BB244644010033E202;
			productRefGroup = 556952C5244644020033E202 /* Products */;
			projectDirPath = "";
			projectRoot = "";
			targets = (
				556952C3244644020033E202 /* KidsActivityGroup-Project */,
				556952DC244644040033E202 /* KidsActivityGroup-ProjectTests */,
			);
		};
/* End PBXProject section */

/* Begin PBXResourcesBuildPhase section */
		556952C2244644020033E202 /* Resources */ = {
			isa = PBXResourcesBuildPhase;
			buildActionMask = 2147483647;
			files = (
				556952D7244644040033E202 /* LaunchScreen.storyboard in Resources */,
				55A60F8424480A57001D3A66 /* GoogleService-Info.plist in Resources */,
				556952D4244644040033E202 /* Assets.xcassets in Resources */,
				556952CF244644020033E202 /* Main.storyboard in Resources */,
			);
			runOnlyForDeploymentPostprocessing = 0;
		};
		556952DB244644040033E202 /* Resources */ = {
			isa = PBXResourcesBuildPhase;
			buildActionMask = 2147483647;
			files = (
			);
			runOnlyForDeploymentPostprocessing = 0;
		};
/* End PBXResourcesBuildPhase section */

/* Begin PBXShellScriptBuildPhase section */
		22E4C38D3560BA6E3FE66263 /* [CP] Check Pods Manifest.lock */ = {
			isa = PBXShellScriptBuildPhase;
			buildActionMask = 2147483647;
			files = (
			);
			inputFileListPaths = (
			);
			inputPaths = (
				"${PODS_PODFILE_DIR_PATH}/Podfile.lock",
				"${PODS_ROOT}/Manifest.lock",
			);
			name = "[CP] Check Pods Manifest.lock";
			outputFileListPaths = (
			);
			outputPaths = (
				"$(DERIVED_FILE_DIR)/Pods-KidsActivityGroup-Project-checkManifestLockResult.txt",
			);
			runOnlyForDeploymentPostprocessing = 0;
			shellPath = /bin/sh;
			shellScript = "diff \"${PODS_PODFILE_DIR_PATH}/Podfile.lock\" \"${PODS_ROOT}/Manifest.lock\" > /dev/null\nif [ $? != 0 ] ; then\n    # print error to STDERR\n    echo \"error: The sandbox is not in sync with the Podfile.lock. Run 'pod install' or update your CocoaPods installation.\" >&2\n    exit 1\nfi\n# This output is used by Xcode 'outputs' to avoid re-running this script phase.\necho \"SUCCESS\" > \"${SCRIPT_OUTPUT_FILE_0}\"\n";
			showEnvVarsInLog = 0;
		};
		8B1DF9376C744B5F426E6C70 /* [CP] Embed Pods Frameworks */ = {
			isa = PBXShellScriptBuildPhase;
			buildActionMask = 2147483647;
			files = (
			);
			inputFileListPaths = (
				"${PODS_ROOT}/Target Support Files/Pods-KidsActivityGroup-Project/Pods-KidsActivityGroup-Project-frameworks-${CONFIGURATION}-input-files.xcfilelist",
			);
			name = "[CP] Embed Pods Frameworks";
			outputFileListPaths = (
				"${PODS_ROOT}/Target Support Files/Pods-KidsActivityGroup-Project/Pods-KidsActivityGroup-Project-frameworks-${CONFIGURATION}-output-files.xcfilelist",
			);
			runOnlyForDeploymentPostprocessing = 0;
			shellPath = /bin/sh;
			shellScript = "\"${PODS_ROOT}/Target Support Files/Pods-KidsActivityGroup-Project/Pods-KidsActivityGroup-Project-frameworks.sh\"\n";
			showEnvVarsInLog = 0;
		};
		CB541EE6D3C74B4DEC0FFAF9 /* [CP] Check Pods Manifest.lock */ = {
			isa = PBXShellScriptBuildPhase;
			buildActionMask = 2147483647;
			files = (
			);
			inputFileListPaths = (
			);
			inputPaths = (
				"${PODS_PODFILE_DIR_PATH}/Podfile.lock",
				"${PODS_ROOT}/Manifest.lock",
			);
			name = "[CP] Check Pods Manifest.lock";
			outputFileListPaths = (
			);
			outputPaths = (
				"$(DERIVED_FILE_DIR)/Pods-KidsActivityGroup-ProjectTests-checkManifestLockResult.txt",
			);
			runOnlyForDeploymentPostprocessing = 0;
			shellPath = /bin/sh;
			shellScript = "diff \"${PODS_PODFILE_DIR_PATH}/Podfile.lock\" \"${PODS_ROOT}/Manifest.lock\" > /dev/null\nif [ $? != 0 ] ; then\n    # print error to STDERR\n    echo \"error: The sandbox is not in sync with the Podfile.lock. Run 'pod install' or update your CocoaPods installation.\" >&2\n    exit 1\nfi\n# This output is used by Xcode 'outputs' to avoid re-running this script phase.\necho \"SUCCESS\" > \"${SCRIPT_OUTPUT_FILE_0}\"\n";
			showEnvVarsInLog = 0;
		};
/* End PBXShellScriptBuildPhase section */

/* Begin PBXSourcesBuildPhase section */
		556952C0244644020033E202 /* Sources */ = {
			isa = PBXSourcesBuildPhase;
			buildActionMask = 2147483647;
			files = (
				C1FE223E244667C300D1E33D /* DatabaseService.swift in Sources */,
				556952F0244655540033E202 /* SettingController.swift in Sources */,
				55A60F86244817E9001D3A66 /* ActivityCell.swift in Sources */,
				023D1C4D2447D19900E8E656 /* ConvertDataToURL.swift in Sources */,
				556952CC244644020033E202 /* ScheduleVC.swift in Sources */,
				556952C8244644020033E202 /* AppDelegate.swift in Sources */,
				023D1C4B2447D11B00E8E656 /* CDActivity+CoreDataProperties.swift in Sources */,
				029CACF32447D9D200ACF90D /* CoreDataManager.swift in Sources */,
				C1FE223B244664E700D1E33D /* ActivityModel.swift in Sources */,
				556952F32446561F0033E202 /* TabBarController.swift in Sources */,
				556952EE244655410033E202 /* ActivityController.swift in Sources */,
				556952CA244644020033E202 /* SceneDelegate.swift in Sources */,
				C1AF6E372448AFA1007CB61D /* KidsActivityGroup_Project.xcdatamodel in Sources */,
				023D1C4A2447D11B00E8E656 /* CDActivity+CoreDataClass.swift in Sources */,
			);
			runOnlyForDeploymentPostprocessing = 0;
		};
		556952D9244644040033E202 /* Sources */ = {
			isa = PBXSourcesBuildPhase;
			buildActionMask = 2147483647;
			files = (
				556952E2244644040033E202 /* KidsActivityGroup_ProjectTests.swift in Sources */,
			);
			runOnlyForDeploymentPostprocessing = 0;
		};
/* End PBXSourcesBuildPhase section */

/* Begin PBXTargetDependency section */
		556952DF244644040033E202 /* PBXTargetDependency */ = {
			isa = PBXTargetDependency;
			target = 556952C3244644020033E202 /* KidsActivityGroup-Project */;
			targetProxy = 556952DE244644040033E202 /* PBXContainerItemProxy */;
		};
/* End PBXTargetDependency section */

/* Begin PBXVariantGroup section */
		556952CD244644020033E202 /* Main.storyboard */ = {
			isa = PBXVariantGroup;
			children = (
				556952CE244644020033E202 /* Base */,
			);
			name = Main.storyboard;
			sourceTree = "<group>";
		};
		556952D5244644040033E202 /* LaunchScreen.storyboard */ = {
			isa = PBXVariantGroup;
			children = (
				556952D6244644040033E202 /* Base */,
			);
			name = LaunchScreen.storyboard;
			sourceTree = "<group>";
		};
/* End PBXVariantGroup section */

/* Begin XCBuildConfiguration section */
		556952E4244644050033E202 /* Debug */ = {
			isa = XCBuildConfiguration;
			buildSettings = {
				ALWAYS_SEARCH_USER_PATHS = NO;
				CLANG_ANALYZER_NONNULL = YES;
				CLANG_ANALYZER_NUMBER_OBJECT_CONVERSION = YES_AGGRESSIVE;
				CLANG_CXX_LANGUAGE_STANDARD = "gnu++14";
				CLANG_CXX_LIBRARY = "libc++";
				CLANG_ENABLE_MODULES = YES;
				CLANG_ENABLE_OBJC_ARC = YES;
				CLANG_ENABLE_OBJC_WEAK = YES;
				CLANG_WARN_BLOCK_CAPTURE_AUTORELEASING = YES;
				CLANG_WARN_BOOL_CONVERSION = YES;
				CLANG_WARN_COMMA = YES;
				CLANG_WARN_CONSTANT_CONVERSION = YES;
				CLANG_WARN_DEPRECATED_OBJC_IMPLEMENTATIONS = YES;
				CLANG_WARN_DIRECT_OBJC_ISA_USAGE = YES_ERROR;
				CLANG_WARN_DOCUMENTATION_COMMENTS = YES;
				CLANG_WARN_EMPTY_BODY = YES;
				CLANG_WARN_ENUM_CONVERSION = YES;
				CLANG_WARN_INFINITE_RECURSION = YES;
				CLANG_WARN_INT_CONVERSION = YES;
				CLANG_WARN_NON_LITERAL_NULL_CONVERSION = YES;
				CLANG_WARN_OBJC_IMPLICIT_RETAIN_SELF = YES;
				CLANG_WARN_OBJC_LITERAL_CONVERSION = YES;
				CLANG_WARN_OBJC_ROOT_CLASS = YES_ERROR;
				CLANG_WARN_RANGE_LOOP_ANALYSIS = YES;
				CLANG_WARN_STRICT_PROTOTYPES = YES;
				CLANG_WARN_SUSPICIOUS_MOVE = YES;
				CLANG_WARN_UNGUARDED_AVAILABILITY = YES_AGGRESSIVE;
				CLANG_WARN_UNREACHABLE_CODE = YES;
				CLANG_WARN__DUPLICATE_METHOD_MATCH = YES;
				COPY_PHASE_STRIP = NO;
				DEBUG_INFORMATION_FORMAT = dwarf;
				ENABLE_STRICT_OBJC_MSGSEND = YES;
				ENABLE_TESTABILITY = YES;
				GCC_C_LANGUAGE_STANDARD = gnu11;
				GCC_DYNAMIC_NO_PIC = NO;
				GCC_NO_COMMON_BLOCKS = YES;
				GCC_OPTIMIZATION_LEVEL = 0;
				GCC_PREPROCESSOR_DEFINITIONS = (
					"DEBUG=1",
					"$(inherited)",
				);
				GCC_WARN_64_TO_32_BIT_CONVERSION = YES;
				GCC_WARN_ABOUT_RETURN_TYPE = YES_ERROR;
				GCC_WARN_UNDECLARED_SELECTOR = YES;
				GCC_WARN_UNINITIALIZED_AUTOS = YES_AGGRESSIVE;
				GCC_WARN_UNUSED_FUNCTION = YES;
				GCC_WARN_UNUSED_VARIABLE = YES;
				IPHONEOS_DEPLOYMENT_TARGET = 13.2;
				MTL_ENABLE_DEBUG_INFO = INCLUDE_SOURCE;
				MTL_FAST_MATH = YES;
				ONLY_ACTIVE_ARCH = YES;
				SDKROOT = iphoneos;
				SWIFT_ACTIVE_COMPILATION_CONDITIONS = DEBUG;
				SWIFT_OPTIMIZATION_LEVEL = "-Onone";
			};
			name = Debug;
		};
		556952E5244644050033E202 /* Release */ = {
			isa = XCBuildConfiguration;
			buildSettings = {
				ALWAYS_SEARCH_USER_PATHS = NO;
				CLANG_ANALYZER_NONNULL = YES;
				CLANG_ANALYZER_NUMBER_OBJECT_CONVERSION = YES_AGGRESSIVE;
				CLANG_CXX_LANGUAGE_STANDARD = "gnu++14";
				CLANG_CXX_LIBRARY = "libc++";
				CLANG_ENABLE_MODULES = YES;
				CLANG_ENABLE_OBJC_ARC = YES;
				CLANG_ENABLE_OBJC_WEAK = YES;
				CLANG_WARN_BLOCK_CAPTURE_AUTORELEASING = YES;
				CLANG_WARN_BOOL_CONVERSION = YES;
				CLANG_WARN_COMMA = YES;
				CLANG_WARN_CONSTANT_CONVERSION = YES;
				CLANG_WARN_DEPRECATED_OBJC_IMPLEMENTATIONS = YES;
				CLANG_WARN_DIRECT_OBJC_ISA_USAGE = YES_ERROR;
				CLANG_WARN_DOCUMENTATION_COMMENTS = YES;
				CLANG_WARN_EMPTY_BODY = YES;
				CLANG_WARN_ENUM_CONVERSION = YES;
				CLANG_WARN_INFINITE_RECURSION = YES;
				CLANG_WARN_INT_CONVERSION = YES;
				CLANG_WARN_NON_LITERAL_NULL_CONVERSION = YES;
				CLANG_WARN_OBJC_IMPLICIT_RETAIN_SELF = YES;
				CLANG_WARN_OBJC_LITERAL_CONVERSION = YES;
				CLANG_WARN_OBJC_ROOT_CLASS = YES_ERROR;
				CLANG_WARN_RANGE_LOOP_ANALYSIS = YES;
				CLANG_WARN_STRICT_PROTOTYPES = YES;
				CLANG_WARN_SUSPICIOUS_MOVE = YES;
				CLANG_WARN_UNGUARDED_AVAILABILITY = YES_AGGRESSIVE;
				CLANG_WARN_UNREACHABLE_CODE = YES;
				CLANG_WARN__DUPLICATE_METHOD_MATCH = YES;
				COPY_PHASE_STRIP = NO;
				DEBUG_INFORMATION_FORMAT = "dwarf-with-dsym";
				ENABLE_NS_ASSERTIONS = NO;
				ENABLE_STRICT_OBJC_MSGSEND = YES;
				GCC_C_LANGUAGE_STANDARD = gnu11;
				GCC_NO_COMMON_BLOCKS = YES;
				GCC_WARN_64_TO_32_BIT_CONVERSION = YES;
				GCC_WARN_ABOUT_RETURN_TYPE = YES_ERROR;
				GCC_WARN_UNDECLARED_SELECTOR = YES;
				GCC_WARN_UNINITIALIZED_AUTOS = YES_AGGRESSIVE;
				GCC_WARN_UNUSED_FUNCTION = YES;
				GCC_WARN_UNUSED_VARIABLE = YES;
				IPHONEOS_DEPLOYMENT_TARGET = 13.2;
				MTL_ENABLE_DEBUG_INFO = NO;
				MTL_FAST_MATH = YES;
				SDKROOT = iphoneos;
				SWIFT_COMPILATION_MODE = wholemodule;
				SWIFT_OPTIMIZATION_LEVEL = "-O";
				VALIDATE_PRODUCT = YES;
			};
			name = Release;
		};
		556952E7244644050033E202 /* Debug */ = {
			isa = XCBuildConfiguration;
			baseConfigurationReference = FD85068ED8365F5C60E6824E /* Pods-KidsActivityGroup-Project.debug.xcconfig */;
			buildSettings = {
				ASSETCATALOG_COMPILER_APPICON_NAME = AppIcon;
				CODE_SIGN_STYLE = Automatic;
				DEVELOPMENT_TEAM = T3TVM2A475;
				INFOPLIST_FILE = "KidsActivityGroup-Project/Info.plist";
				LD_RUNPATH_SEARCH_PATHS = (
					"$(inherited)",
					"@executable_path/Frameworks",
				);
				PRODUCT_BUNDLE_IDENTIFIER = "pursuitful.KidsActivityGroup-Project";
				PRODUCT_NAME = "$(TARGET_NAME)";
				SWIFT_VERSION = 5.0;
				TARGETED_DEVICE_FAMILY = "1,2";
			};
			name = Debug;
		};
		556952E8244644050033E202 /* Release */ = {
			isa = XCBuildConfiguration;
			baseConfigurationReference = E740115BEDEB919669A74C83 /* Pods-KidsActivityGroup-Project.release.xcconfig */;
			buildSettings = {
				ASSETCATALOG_COMPILER_APPICON_NAME = AppIcon;
				CODE_SIGN_STYLE = Automatic;
				DEVELOPMENT_TEAM = T3TVM2A475;
				INFOPLIST_FILE = "KidsActivityGroup-Project/Info.plist";
				LD_RUNPATH_SEARCH_PATHS = (
					"$(inherited)",
					"@executable_path/Frameworks",
				);
				PRODUCT_BUNDLE_IDENTIFIER = "pursuitful.KidsActivityGroup-Project";
				PRODUCT_NAME = "$(TARGET_NAME)";
				SWIFT_VERSION = 5.0;
				TARGETED_DEVICE_FAMILY = "1,2";
			};
			name = Release;
		};
		556952EA244644050033E202 /* Debug */ = {
			isa = XCBuildConfiguration;
			baseConfigurationReference = FCB138D1D2F948F9730DFEA1 /* Pods-KidsActivityGroup-ProjectTests.debug.xcconfig */;
			buildSettings = {
				ALWAYS_EMBED_SWIFT_STANDARD_LIBRARIES = YES;
				BUNDLE_LOADER = "$(TEST_HOST)";
				CODE_SIGN_STYLE = Automatic;
				DEVELOPMENT_TEAM = T3TVM2A475;
				INFOPLIST_FILE = "KidsActivityGroup-ProjectTests/Info.plist";
				IPHONEOS_DEPLOYMENT_TARGET = 13.2;
				LD_RUNPATH_SEARCH_PATHS = (
					"$(inherited)",
					"@executable_path/Frameworks",
					"@loader_path/Frameworks",
				);
				PRODUCT_BUNDLE_IDENTIFIER = "pursuitful.KidsActivityGroup-ProjectTests";
				PRODUCT_NAME = "$(TARGET_NAME)";
				SWIFT_VERSION = 5.0;
				TARGETED_DEVICE_FAMILY = "1,2";
				TEST_HOST = "$(BUILT_PRODUCTS_DIR)/KidsActivityGroup-Project.app/KidsActivityGroup-Project";
			};
			name = Debug;
		};
		556952EB244644050033E202 /* Release */ = {
			isa = XCBuildConfiguration;
			baseConfigurationReference = 037BAF6D1F75346950AD50FB /* Pods-KidsActivityGroup-ProjectTests.release.xcconfig */;
			buildSettings = {
				ALWAYS_EMBED_SWIFT_STANDARD_LIBRARIES = YES;
				BUNDLE_LOADER = "$(TEST_HOST)";
				CODE_SIGN_STYLE = Automatic;
				DEVELOPMENT_TEAM = T3TVM2A475;
				INFOPLIST_FILE = "KidsActivityGroup-ProjectTests/Info.plist";
				IPHONEOS_DEPLOYMENT_TARGET = 13.2;
				LD_RUNPATH_SEARCH_PATHS = (
					"$(inherited)",
					"@executable_path/Frameworks",
					"@loader_path/Frameworks",
				);
				PRODUCT_BUNDLE_IDENTIFIER = "pursuitful.KidsActivityGroup-ProjectTests";
				PRODUCT_NAME = "$(TARGET_NAME)";
				SWIFT_VERSION = 5.0;
				TARGETED_DEVICE_FAMILY = "1,2";
				TEST_HOST = "$(BUILT_PRODUCTS_DIR)/KidsActivityGroup-Project.app/KidsActivityGroup-Project";
			};
			name = Release;
		};
/* End XCBuildConfiguration section */

/* Begin XCConfigurationList section */
		556952BF244644020033E202 /* Build configuration list for PBXProject "KidsActivityGroup-Project" */ = {
			isa = XCConfigurationList;
			buildConfigurations = (
				556952E4244644050033E202 /* Debug */,
				556952E5244644050033E202 /* Release */,
			);
			defaultConfigurationIsVisible = 0;
			defaultConfigurationName = Release;
		};
		556952E6244644050033E202 /* Build configuration list for PBXNativeTarget "KidsActivityGroup-Project" */ = {
			isa = XCConfigurationList;
			buildConfigurations = (
				556952E7244644050033E202 /* Debug */,
				556952E8244644050033E202 /* Release */,
			);
			defaultConfigurationIsVisible = 0;
			defaultConfigurationName = Release;
		};
		556952E9244644050033E202 /* Build configuration list for PBXNativeTarget "KidsActivityGroup-ProjectTests" */ = {
			isa = XCConfigurationList;
			buildConfigurations = (
				556952EA244644050033E202 /* Debug */,
				556952EB244644050033E202 /* Release */,
			);
			defaultConfigurationIsVisible = 0;
			defaultConfigurationName = Release;
		};
/* End XCConfigurationList section */
	};
	rootObject = 556952BC244644020033E202 /* Project object */;
}
